
Microsoft Visual Studio Solution File, Format Version 12.00
# Visual Studio 15
VisualStudioVersion = 15.0.26730.12
MinimumVisualStudioVersion = 10.0.40219.1
Project("{FAE04EC0-301F-11D3-BF4B-00C04F79EFBC}") = "WpfMailSender", "WpfMailSender\WpfMailSender.csproj", "{4D832DC8-6B59-4BC2-BB50-FEBFD3C0A104}"
EndProject
Project("{FAE04EC0-301F-11D3-BF4B-00C04F79EFBC}") = "CodePasswordDLL", "CodePasswordDLL\CodePasswordDLL.csproj", "{4DF6F0D9-C5D0-4241-895C-B1B8B75F36E2}"
EndProject
Project("{FAE04EC0-301F-11D3-BF4B-00C04F79EFBC}") = "EmailSenderServiceDLL", "EmailSenderServiceDLL\EmailSenderServiceDLL.csproj", "{9971C596-9533-4EED-BF61-11796E9FF285}"
EndProject
Project("{FAE04EC0-301F-11D3-BF4B-00C04F79EFBC}") = "CodePasswordDLLTest", "CodePasswordDLLTest\CodePasswordDLLTest.csproj", "{5964A8B9-9A34-4800-84BC-87DA2688816B}"
EndProject
Project("{FAE04EC0-301F-11D3-BF4B-00C04F79EFBC}") = "CodePasswordDLLTests", "CodePasswordDLLTests\CodePasswordDLLTests.csproj", "{2AC2362D-4B22-48AC-961F-E7DEE8D8744E}"
EndProject
Project("{FAE04EC0-301F-11D3-BF4B-00C04F79EFBC}") = "Common", "Common\Common.csproj", "{EE592C71-26BD-436E-99CC-3AF9C8096200}"
EndProject
Project("{FAE04EC0-301F-11D3-BF4B-00C04F79EFBC}") = "EFData", "EFData\EFData.csproj", "{8F31C25A-4137-4EE8-8BAC-DAA1347C0C5D}"
EndProject
Global
	GlobalSection(SolutionConfigurationPlatforms) = preSolution
		Debug|Any CPU = Debug|Any CPU
		Release|Any CPU = Release|Any CPU
	EndGlobalSection
	GlobalSection(ProjectConfigurationPlatforms) = postSolution
		{4D832DC8-6B59-4BC2-BB50-FEBFD3C0A104}.Debug|Any CPU.ActiveCfg = Debug|Any CPU
		{4D832DC8-6B59-4BC2-BB50-FEBFD3C0A104}.Debug|Any CPU.Build.0 = Debug|Any CPU
		{4D832DC8-6B59-4BC2-BB50-FEBFD3C0A104}.Release|Any CPU.ActiveCfg = Release|Any CPU
		{4D832DC8-6B59-4BC2-BB50-FEBFD3C0A104}.Release|Any CPU.Build.0 = Release|Any CPU
		{4DF6F0D9-C5D0-4241-895C-B1B8B75F36E2}.Debug|Any CPU.ActiveCfg = Debug|Any CPU
		{4DF6F0D9-C5D0-4241-895C-B1B8B75F36E2}.Debug|Any CPU.Build.0 = Debug|Any CPU
		{4DF6F0D9-C5D0-4241-895C-B1B8B75F36E2}.Release|Any CPU.ActiveCfg = Release|Any CPU
		{4DF6F0D9-C5D0-4241-895C-B1B8B75F36E2}.Release|Any CPU.Build.0 = Release|Any CPU
		{9971C596-9533-4EED-BF61-11796E9FF285}.Debug|Any CPU.ActiveCfg = Debug|Any CPU
		{9971C596-9533-4EED-BF61-11796E9FF285}.Debug|Any CPU.Build.0 = Debug|Any CPU
		{9971C596-9533-4EED-BF61-11796E9FF285}.Release|Any CPU.ActiveCfg = Release|Any CPU
		{9971C596-9533-4EED-BF61-11796E9FF285}.Release|Any CPU.Build.0 = Release|Any CPU
		{5964A8B9-9A34-4800-84BC-87DA2688816B}.Debug|Any CPU.ActiveCfg = Debug|Any CPU
		{5964A8B9-9A34-4800-84BC-87DA2688816B}.Debug|Any CPU.Build.0 = Debug|Any CPU
		{5964A8B9-9A34-4800-84BC-87DA2688816B}.Release|Any CPU.ActiveCfg = Release|Any CPU
		{5964A8B9-9A34-4800-84BC-87DA2688816B}.Release|Any CPU.Build.0 = Release|Any CPU
		{2AC2362D-4B22-48AC-961F-E7DEE8D8744E}.Debug|Any CPU.ActiveCfg = Debug|Any CPU
		{2AC2362D-4B22-48AC-961F-E7DEE8D8744E}.Debug|Any CPU.Build.0 = Debug|Any CPU
		{2AC2362D-4B22-48AC-961F-E7DEE8D8744E}.Release|Any CPU.ActiveCfg = Release|Any CPU
		{2AC2362D-4B22-48AC-961F-E7DEE8D8744E}.Release|Any CPU.Build.0 = Release|Any CPU
		{EE592C71-26BD-436E-99CC-3AF9C8096200}.Debug|Any CPU.ActiveCfg = Debug|Any CPU
		{EE592C71-26BD-436E-99CC-3AF9C8096200}.Debug|Any CPU.Build.0 = Debug|Any CPU
		{EE592C71-26BD-436E-99CC-3AF9C8096200}.Release|Any CPU.ActiveCfg = Release|Any CPU
		{EE592C71-26BD-436E-99CC-3AF9C8096200}.Release|Any CPU.Build.0 = Release|Any CPU
		{8F31C25A-4137-4EE8-8BAC-DAA1347C0C5D}.Debug|Any CPU.ActiveCfg = Debug|Any CPU
		{8F31C25A-4137-4EE8-8BAC-DAA1347C0C5D}.Debug|Any CPU.Build.0 = Debug|Any CPU
		{8F31C25A-4137-4EE8-8BAC-DAA1347C0C5D}.Release|Any CPU.ActiveCfg = Release|Any CPU
		{8F31C25A-4137-4EE8-8BAC-DAA1347C0C5D}.Release|Any CPU.Build.0 = Release|Any CPU
	EndGlobalSection
	GlobalSection(SolutionProperties) = preSolution
		HideSolutionNode = FALSE
	EndGlobalSection
	GlobalSection(ExtensibilityGlobals) = postSolution
		SolutionGuid = {B51F5FA3-7887-452D-94EC-43FC2A9F7B01}
	EndGlobalSection
EndGlobal
